<Solution>
  <Folder Name="/src/">
    <Project Path="Application/CarRental.Application.csproj" />
    <Project Path="Car Rental Management/CarRental.Api.csproj" />
    <Project Path="Domain/CarRental.Domain.csproj" />
    <Project Path="Infrastructure/CarRental.Infrastructure.csproj" />
  </Folder>
</Solution>
